
Microsoft Visual Studio Solution File, Format Version 12.00
# Visual Studio Version 16
VisualStudioVersion = 16.0.810.8
MinimumVisualStudioVersion = 10.0.40219.1
Project("{FAE04EC0-301F-11D3-BF4B-00C04F79EFBC}") = "AspNetCoreRepositoryPattern", "AspNetCoreRepositoryPattern\AspNetCoreRepositoryPattern.csproj", "{C2EDC2FF-D89B-4DCA-B4B5-E8195EBC6A6A}"
EndProject
Global
	GlobalSection(SolutionConfigurationPlatforms) = preSolution
		Debug|Any CPU = Debug|Any CPU
		Release|Any CPU = Release|Any CPU
	EndGlobalSection
	GlobalSection(ProjectConfigurationPlatforms) = postSolution
		{C2EDC2FF-D89B-4DCA-B4B5-E8195EBC6A6A}.Debug|Any CPU.ActiveCfg = Debug|Any CPU
		{C2EDC2FF-D89B-4DCA-B4B5-E8195EBC6A6A}.Debug|Any CPU.Build.0 = Debug|Any CPU
		{C2EDC2FF-D89B-4DCA-B4B5-E8195EBC6A6A}.Release|Any CPU.ActiveCfg = Release|Any CPU
		{C2EDC2FF-D89B-4DCA-B4B5-E8195EBC6A6A}.Release|Any CPU.Build.0 = Release|Any CPU
	EndGlobalSection
	GlobalSection(SolutionProperties) = preSolution
		HideSolutionNode = FALSE
	EndGlobalSection
	GlobalSection(ExtensibilityGlobals) = postSolution
		SolutionGuid = {8DBED7BF-6310-462C-A03F-CBD55A4A04EE}
	EndGlobalSection
EndGlobal
